
Microsoft Visual Studio Solution File, Format Version 12.00
# Visual Studio 2013
VisualStudioVersion = 12.0.31101.0
MinimumVisualStudioVersion = 10.0.40219.1
Project("{FAE04EC0-301F-11D3-BF4B-00C04F79EFBC}") = "AngularTypeScriptPoc.Web", "sources\AngularTypeScriptPoc.Web\AngularTypeScriptPoc.Web.csproj", "{85572901-3D31-42E4-BC0B-B1EFBF4E9C27}"
EndProject
Project("{FAE04EC0-301F-11D3-BF4B-00C04F79EFBC}") = "AngularTypeScriptPoc.Core", "sources\AngularTypeScriptPoc.Core\AngularTypeScriptPoc.Core.csproj", "{1F85B6F2-0C90-4DC9-8300-F30AB4D9A36E}"
EndProject
Global
	GlobalSection(SolutionConfigurationPlatforms) = preSolution
		Debug|Any CPU = Debug|Any CPU
		Release|Any CPU = Release|Any CPU
	EndGlobalSection
	GlobalSection(ProjectConfigurationPlatforms) = postSolution
		{85572901-3D31-42E4-BC0B-B1EFBF4E9C27}.Debug|Any CPU.ActiveCfg = Debug|Any CPU
		{85572901-3D31-42E4-BC0B-B1EFBF4E9C27}.Debug|Any CPU.Build.0 = Debug|Any CPU
		{85572901-3D31-42E4-BC0B-B1EFBF4E9C27}.Release|Any CPU.ActiveCfg = Release|Any CPU
		{85572901-3D31-42E4-BC0B-B1EFBF4E9C27}.Release|Any CPU.Build.0 = Release|Any CPU
		{1F85B6F2-0C90-4DC9-8300-F30AB4D9A36E}.Debug|Any CPU.ActiveCfg = Debug|Any CPU
		{1F85B6F2-0C90-4DC9-8300-F30AB4D9A36E}.Debug|Any CPU.Build.0 = Debug|Any CPU
		{1F85B6F2-0C90-4DC9-8300-F30AB4D9A36E}.Release|Any CPU.ActiveCfg = Release|Any CPU
		{1F85B6F2-0C90-4DC9-8300-F30AB4D9A36E}.Release|Any CPU.Build.0 = Release|Any CPU
	EndGlobalSection
	GlobalSection(SolutionProperties) = preSolution
		HideSolutionNode = FALSE
	EndGlobalSection
EndGlobal
